
Microsoft Visual Studio Solution File, Format Version 12.00
# Visual Studio Version 16
VisualStudioVersion = 16.0.31729.503
MinimumVisualStudioVersion = 10.0.40219.1
Project("{FAE04EC0-301F-11D3-BF4B-00C04F79EFBC}") = "IfElse1", "IfElse1.csproj", "{6CEFEEAB-6067-4F49-BF58-1DE7E11472B3}"
EndProject
Global
	GlobalSection(SolutionConfigurationPlatforms) = preSolution
		Debug|Any CPU = Debug|Any CPU
		Release|Any CPU = Release|Any CPU
	EndGlobalSection
	GlobalSection(ProjectConfigurationPlatforms) = postSolution
		{6CEFEEAB-6067-4F49-BF58-1DE7E11472B3}.Debug|Any CPU.ActiveCfg = Debug|Any CPU
		{6CEFEEAB-6067-4F49-BF58-1DE7E11472B3}.Debug|Any CPU.Build.0 = Debug|Any CPU
		{6CEFEEAB-6067-4F49-BF58-1DE7E11472B3}.Release|Any CPU.ActiveCfg = Release|Any CPU
		{6CEFEEAB-6067-4F49-BF58-1DE7E11472B3}.Release|Any CPU.Build.0 = Release|Any CPU
	EndGlobalSection
	GlobalSection(SolutionProperties) = preSolution
		HideSolutionNode = FALSE
	EndGlobalSection
	GlobalSection(ExtensibilityGlobals) = postSolution
		SolutionGuid = {30F1A5A4-42A5-47CA-A379-FA052B3A385F}
	EndGlobalSection
EndGlobal
